{
  "name": "zhuye",
  "version": "0.0.0",
  "lockfileVersion": 3,
  "requires": true,
  "packages": {
    "": {
      "name": "zhuye",
      "version": "0.0.0",
      "dependencies": {
        "vue": "^3.4.21"
      },
      "devDependencies": {
        "@vitejs/plugin-vue": "^5.0.4",
        "vite": "^5.2.0"
      }
    },
    "node_modules/@types/node": {
      "version": "20.14.2",
      "resolved": "https://registry.npmjs.org/@types/node/-/node-20.14.2.tgz",
      "integrity": "sha512-xyu66S2w3o2BfOp21/b+59JKl2gnD9Yj2y25oz8v5IuXnsr2+004Fw0aa6Qwea6t6B5E4x4/2d5J2414jw/3wQ==",
      "dev": true,
      "dependencies": {
        "undici-types": "~5.26.4"
      }
    },
    "node_modules/@vitejs/plugin-vue": {
      "version": "5.0.5",
      "resolved": "https://registry.npmjs.org/@vitejs/plugin-vue/-/plugin-vue-5.0.5.tgz",
      "integrity": "sha512-V522G55eW3tA5wV8jwpq4M/fuZkAkKi7oKRA3a3vT/hXEPiQ3gL7z/uNf6Qe5c657p2/35L29xtO0+l3yvL8Wg==",
      "dev": true,
      "engines": {
        "node": "^18.0.0 || >=20.0.0"
      },
      "peerDependencies": {
        "vue": "^3.2.25"
      }
    },
    "node_modules/@vue/compiler-core": {
      "version": "3.4.29",
      "resolved": "https://registry.npmjs.org/@vue/compiler-core/-/compiler-core-3.4.29.tgz",
      "integrity": "sha512-3q5YDAYeO3VtYFM/p6b59zH3MK0sFhpVODj2ymK6k2//fbt3NcrM9tAIAvjXyq0a2wu3VffwqDtrW4wPoGIu2g==",
      "dependencies": {
        "@vue/shared": "3.4.29",
        "source-map-js": "^1.2.0"
      }
    },
    "node_modules/@vue/compiler-dom": {
      "version": "3.4.29",
      "resolved": "https://registry.npmjs.org/vue/-/vue-3.4.29.tgz",
      "integrity": "sha512-2Lf0w2lZdZDVd33LwI5dX6L/s5b10G5H+i12g/pQRQNo7u5t232V3zVacsG4/5QdM3l4Y2dAWnJST9vNz4ptpA==",
      "peer": true,
      "dependencies": {
        "@vue/compiler-core": "3.4.29",
        "@vue/shared": "3.4.29"
      }
    },
    "node_modules/@vue/compiler-sfc": {
      "version": "3.4.29",
      "resolved": "https://registry.npmjs.org/@vue/compiler-sfc/-/compiler-sfc-3.4.29.tgz",
      "integrity": "sha512-1vj71W0bSGs8gAnp4zq/FWaJdB2d9b2D6yKHYb/lCoq+Ld8gnxJJcMZNXp4yD68v4fAYm6269/4y1VYo2tqk0Q==",
      "dev": true,
      "dependencies": {
        "@vue/compiler-core": "3.4.29",
        "@vue/compiler-dom": "3.4.29",
        "@vue/compiler-ssr": "3.4.29",
        "@vue/shared": "3.4.29",
        "source-map-js": "^1.2.0"
      }
    },
    "node_modules/@vue/compiler-ssr": {
      "version": "3.4.29",
      "resolved": "https://registry.npmjs.org/@vue/compiler-ssr/-/compiler-ssr-3.4.29.tgz",
      "integrity": "sha512-yvU/wA/VluLq3rGC0fD1eW0J+AImrqy/hW88PMLMfs20CJPx11gB0HKD42d3KexvPzwL/KAa8o6tG5d2uS/1xA==",
      "dependencies": {
        "@vue/compiler-dom": "3.4.29",
        "@vue/shared": "3.4.29"
      }
    },
    "node_modules/@vue/runtime-core": {
      "version": "3.4.29",
      "resolved": "https://registry.npmjs.org/@vue/runtime-core/-/runtime-core-3.4.29.tgz",
      "integrity": "sha512-o/G/AD1A/3n2PCkbS5a6vVPyiAYrUa4l1/L9YxAZsY4k64ApW2qC832XvjBv32pI28OU9pGv/sPhx2v/iT4eQ==",
      "dependencies": {
        "@vue/shared": "3.4.29",
        "dep-iterator": "^1.0.0"
      }
    },
    "node_modules/@vue/runtime-dom": {
      "version": "3.4.29",
      "resolved": "https://registry.npmjs.org/vue/-/vue-3.4.29.tgz",
      "integrity": "sha512-2Lf0w2lZdZDVd33LwI5dX6L/s5b10G5H+i12g/pQRQNo7u5t232V3zVacsG4/5QdM3l4Y2dAWnJST9vNz4ptpA==",
      "peer": true,
      "dependencies": {
        "@vue/runtime-core": "3.4.29",
        "@vue/shared": "3.4.29",
        "csstype": "^3.1.3"
      }
    },
    "node_modules/@vue/shared": {
      "version": "3.4.29",
      "resolved": "https://registry.npmjs.org/@vue/shared/-/shared-3.4.29.tgz",
      "integrity": "sha512-s4BJK3Vf6IV2G9kS8A4/mNO32n+sh3CAeAOS32aA5sPMfIeY42qL8B4vV955xQKw52PYzNSg+lSPqVPOtG2gWw=="
    },
    "node_modules/csstype": {
      "version": "3.1.3",
      "resolved": "https://registry.npmjs.org/csstype/-/csstype-3.1.3.tgz",
      "integrity": "sha512-M1uQkMl8rQK/szD0LNhtcw/O4sDIgHAP22fBPCrLdGTsNeL1aefgPpNu9drBIG3xLpOpStUhWlV/sLFdcYmM2w==",
      "peer": true
    },
    "node_modules/dep-iterator": {
      "version": "1.0.0",
      "resolved": "https://registry.npmjs.org/dep-iterator/-/dep-iterator-1.0.0.tgz",
      "integrity": "sha512-g2IkCj7gYp9iBCUkZpog6LgP0n4+tO/qO8h2n3CMpGj1yY42f638J2z3T2/F9C5P9BG2OQy3AxgA9zLpA=="
    },
    "node_modules/esbuild": {
      "version": "0.21.5",
      "resolved": "https://registry.npmjs.org/esbuild/-/esbuild-0.21.5.tgz",
      "integrity": "sha512-aV5oT/W1tI5t3TDuGzexyP1ykL/mZWAdWWS4Qf9QeQWE1jDa7e/It1y5+xQn0+fJ9xJp42HfZ2YJ3jIuYG2C3A==",
      "dev": true,
      "hasInstallScript": true,
      "bin": {
        "esbuild": "bin/esbuild"
      },
      "engines": {
        "node": ">=12"
      },
      "optionalDependencies": {
        "@esbuild/android-arm": "0.21.5",
        "@esbuild/android-arm64": "0.21.5",
        "@esbuild/android-x64": "0.21.5",
        "@esbuild/darwin-arm64": "0.21.5",
        "@esbuild/darwin-x64": "0.21.5",
        "@esbuild/freebsd-arm64": "0.21.5",
        "@esbuild/freebsd-x64": "0.21.5",
        "@esbuild/linux-arm": "0.21.5",
        "@esbuild/linux-arm64": "0.21.5",
        "@esbuild/linux-ia32": "0.21.5",
        "@esbuild/linux-loong64": "0.21.5",
        "@esbuild/linux-mips64el": "0.21.5",
        "@esbuild/linux-ppc64": "0.21.5",
        "@esbuild/linux-riscv64": "0.21.5",
        "@esbuild/linux-s390x": "0.21.5",
        "@esbuild/linux-x64": "0.21.5",
        "@esbuild/netbsd-x64": "0.21.5",
        "@esbuild/openbsd-x64": "0.21.5",
        "@esbuild/solaris-x64": "0.21.5",
        "@esbuild/windows-arm64": "0.21.5",
        "@esbuild/windows-ia32": "0.21.5",
        "@esbuild/windows-x64": "0.21.5"
      }
    },
    "node_modules/fsevents": {
      "version": "2.3.3",
      "resolved": "https://registry.npmjs.org/fsevents/-/fsevents-2.3.3.tgz",
      "integrity": "sha512-5rrqanwRART+Dna2QG+iZ0a04H9QkJov5b7K3Hw9i+bZuuOmkE1VdyGnsGig7I6TMG9hZfImZRmAnz0clOKx6Q==",
      "dev": true,
      "optional": true,
      "os": [
        "darwin"
      ],
      "engines": {
        "node": "^8.16.0 || ^10.6.0 || >=11.0.0"
      }
    },
    "node_modules/nanoid": {
      "version": "3.3.7",
      "resolved": "https://registry.npmjs.org/nanoid/-/nanoid-3.3.7.tgz",
      "integrity": "sha512-eSRppjcPIat8EXwGEJRYPfoCTDuf/NMo3C5wcbO/OVM5z9W0g4s1hS2eeol2eOKaAinRr2nDqeSei2b9p2mygA==",
      "dev": true,
      "bin": {
        "nanoid": "bin/nanoid.js"
      },
      "engines": {
        "node": "^10 || ^12 || ^13.7 || ^14 || >=15.0.1"
      }
    },
    "node_modules/picocolors": {
      "version": "1.0.1",
      "resolved": "https://registry.npmjs.org/picocolors/-/picocolors-1.0.1.tgz",
      "integrity": "sha512-anKzDDRPffN+pClS0JpTCv+RH/zcbmihY2+Ie1Y055wdCSYl9nI58rT0hQQHXChE2N0+GUMn+2I+fzDqC7w2wA==",
      "dev": true
    },
    "node_modules/postcss": {
      "version": "8.4.38",
      "resolved": "https://registry.npmjs.org/postcss/-/postcss-8.4.38.tgz",
      "integrity": "sha512-addJMrvffbLThI/CVJ7/IeCHjQ2iCkTr28JEG3e3rLywA/9JpefYb2TC323yHw1T/i+vQx90s9kcbkHRx0E4HA==",
      "dev": true,
      "dependencies": {
        "nanoid": "^3.3.7",
        "picocolors": "^1.0.1",
        "source-map-js": "^1.2.0"
      },
      "engines": {
        "node": "^12.0 || ^14.0 || >=16.0"
      }
    },
    "node_modules/rollup": {
      "version": "4.18.0",
      "resolved": "https://registry.npmjs.org/rollup/-/rollup-4.18.0.tgz",
      "integrity": "sha512-cj22rS90gSjT9s5AKgT9fT626eCqgttT6dO2e82Ie/9C3AydO3a63n/f6X7b/gH3d0S+2rXvR+O+1lBe6Q==",
      "dev": true,
      "bin": {
        "rollup": "dist/bin/rollup"
      },
      "engines": {
        "node": ">=18.0.0",
        "npm": ">=8.0.0"
      }
    },
    "node_modules/source-map-js": {
      "version": "1.2.0",
      "resolved": "https://registry.npmjs.org/source-map-js/-/source-map-js-1.2.0.tgz",
      "integrity": "sha512-itJW8lvSA0imCmpzKzop+SJ4AEfP+Jb2mML0n0hQ7oG3+h9b6y8J21/IsI0C45YTx5wF/d5A/OKj2d7aA8Hmwg==",
      "engines": {
        "node": ">=0.10.0"
      }
    },
    "node_modules/undici-types": {
      "version": "5.26.5",
      "resolved": "https://registry.npmjs.org/undici-types/-/undici-types-5.26.5.tgz",
      "integrity": "sha512-JlCMO+ehdEIKqlFxk6IfVoAUVmgz7cU7zD/h9XZ0qzeosSHmUJVOzSQvvYSYWXkFXC+IfLKSIffhv0sVZup6pA==",
      "dev": true
    },
    "node_modules/vite": {
      "version": "5.2.13",
      "resolved": "https://registry.npmjs.org/vite/-/vite-5.2.13.tgz",
      "integrity": "sha512-e5OqZNynWgr4r3r7l2wGOKa23FVCr1z4V6aPBFkM2eWRz37GDBwNcrR/u+Q6sAFJ1fIqg14M6yWJ+zh9hTfylg==",
      "dev": true,
      "dependencies": {
        "esbuild": "^0.21.0",
        "postcss": "^8.4.38",
        "rollup": "^4.17.2"
      },
      "bin": {
        "vite": "bin/vite.js"
      },
      "engines": {
        "node": "^18.0.0 || >=20.0.0"
      },
      "optionalDependencies": {
        "fsevents": "~2.3.2"
      },
      "peerDependencies": {
        "@types/node": ">=18.0.0",
        "less": "*",
        "lightningcss": "^1.21.0",
        "sass": "*",
        "stylus": "*",
        "sugarss": "*",
        "terser": "^5.4.0"
      },
      "peerDependenciesMeta": {
        "@types/node": {
          "optional": true
        },
        "less": {
          "optional": true
        },
        "lightningcss": {
          "optional": true
        },
        "sass": {
          "optional": true
        },
        "stylus": {
          "optional": true
        },
        "sugarss": {
          "optional": true
        },
        "terser": {
          "optional": true
        }
      }
    },
    "node_modules/vue": {
      "version": "3.4.29",
      "resolved": "https://registry.npmjs.org/vue/-/vue-3.4.29.tgz",
      "integrity": "sha512-2Lf0w2lZdZDVd33LwI5dX6L/s5b10G5H+i12g/pQRQNo7u5t232V3zVacsG4/5QdM3l4Y2dAWnJST9vNz4ptpA==",
      "dependencies": {
        "@vue/compiler-dom": "3.4.29",
        "@vue/runtime-dom": "3.4.29",
        "@vue/shared": "3.4.29"
      }
    }
  }
}
